
Microsoft Visual Studio Solution File, Format Version 12.00
# Visual Studio Version 17
VisualStudioVersion = 17.9.34714.143
MinimumVisualStudioVersion = 10.0.40219.1
Project("{FAE04EC0-301F-11D3-BF4B-00C04F79EFBC}") = "HotelBookingBlazors_WebAPP", "HotelBookingBlazors_WebAPP\HotelBookingBlazors_WebAPP.csproj", "{514FF0A8-E20F-4D0C-AD19-653B2473763D}"
EndProject
Global
	GlobalSection(SolutionConfigurationPlatforms) = preSolution
		Debug|Any CPU = Debug|Any CPU
		Release|Any CPU = Release|Any CPU
	EndGlobalSection
	GlobalSection(ProjectConfigurationPlatforms) = postSolution
		{514FF0A8-E20F-4D0C-AD19-653B2473763D}.Debug|Any CPU.ActiveCfg = Debug|Any CPU
		{514FF0A8-E20F-4D0C-AD19-653B2473763D}.Debug|Any CPU.Build.0 = Debug|Any CPU
		{514FF0A8-E20F-4D0C-AD19-653B2473763D}.Release|Any CPU.ActiveCfg = Release|Any CPU
		{514FF0A8-E20F-4D0C-AD19-653B2473763D}.Release|Any CPU.Build.0 = Release|Any CPU
	EndGlobalSection
	GlobalSection(SolutionProperties) = preSolution
		HideSolutionNode = FALSE
	EndGlobalSection
	GlobalSection(ExtensibilityGlobals) = postSolution
		SolutionGuid = {6C1A5314-5829-477C-A33F-2AB60A350E0A}
	EndGlobalSection
EndGlobal
